{
    "name": "nf-core-extensionpack",
    "version": "0.6.1",
    "lockfileVersion": 3,
    "requires": true,
    "packages": {
        "": {
            "name": "nf-core-extensionpack",
            "version": "0.6.1",
            "engines": {
                "vscode": "^1.53.0"
            }
        }
    }
}
